
Microsoft Visual Studio Solution File, Format Version 12.00
# Visual Studio 2012
Project("{FAE04EC0-301F-11D3-BF4B-00C04F79EFBC}") = "ExcelBridge", "ExcelBridge\ExcelBridge.csproj", "{566621E4-7810-47C3-B84F-E1D5CABE423A}"
EndProject
Global
	GlobalSection(SolutionConfigurationPlatforms) = preSolution
		Debug|Any CPU = Debug|Any CPU
		Release|Any CPU = Release|Any CPU
	EndGlobalSection
	GlobalSection(ProjectConfigurationPlatforms) = postSolution
		{566621E4-7810-47C3-B84F-E1D5CABE423A}.Debug|Any CPU.ActiveCfg = Debug|Any CPU
		{566621E4-7810-47C3-B84F-E1D5CABE423A}.Debug|Any CPU.Build.0 = Debug|Any CPU
		{566621E4-7810-47C3-B84F-E1D5CABE423A}.Release|Any CPU.ActiveCfg = Release|Any CPU
		{566621E4-7810-47C3-B84F-E1D5CABE423A}.Release|Any CPU.Build.0 = Release|Any CPU
	EndGlobalSection
	GlobalSection(SolutionProperties) = preSolution
		HideSolutionNode = FALSE
	EndGlobalSection
EndGlobal
